
Microsoft Visual Studio Solution File, Format Version 12.00
# Visual Studio Version 16
VisualStudioVersion = 16.0.29609.76
MinimumVisualStudioVersion = 10.0.40219.1
Project("{FAE04EC0-301F-11D3-BF4B-00C04F79EFBC}") = "Jack.Extensions.DependencyInjection", "Jack.Extensions.DependencyInjection\Jack.Extensions.DependencyInjection.csproj", "{F870D3AA-2EFF-44F1-B664-98F537FF1A31}"
EndProject
Project("{FAE04EC0-301F-11D3-BF4B-00C04F79EFBC}") = "UnitTestProject1", "UnitTestProject1\UnitTestProject1.csproj", "{859DC653-5F68-496E-A055-7AAEB91B5221}"
EndProject
Global
	GlobalSection(SolutionConfigurationPlatforms) = preSolution
		Debug|Any CPU = Debug|Any CPU
		Release|Any CPU = Release|Any CPU
	EndGlobalSection
	GlobalSection(ProjectConfigurationPlatforms) = postSolution
		{F870D3AA-2EFF-44F1-B664-98F537FF1A31}.Debug|Any CPU.ActiveCfg = Debug|Any CPU
		{F870D3AA-2EFF-44F1-B664-98F537FF1A31}.Debug|Any CPU.Build.0 = Debug|Any CPU
		{F870D3AA-2EFF-44F1-B664-98F537FF1A31}.Release|Any CPU.ActiveCfg = Release|Any CPU
		{F870D3AA-2EFF-44F1-B664-98F537FF1A31}.Release|Any CPU.Build.0 = Release|Any CPU
		{859DC653-5F68-496E-A055-7AAEB91B5221}.Debug|Any CPU.ActiveCfg = Debug|Any CPU
		{859DC653-5F68-496E-A055-7AAEB91B5221}.Debug|Any CPU.Build.0 = Debug|Any CPU
		{859DC653-5F68-496E-A055-7AAEB91B5221}.Release|Any CPU.ActiveCfg = Release|Any CPU
		{859DC653-5F68-496E-A055-7AAEB91B5221}.Release|Any CPU.Build.0 = Release|Any CPU
	EndGlobalSection
	GlobalSection(SolutionProperties) = preSolution
		HideSolutionNode = FALSE
	EndGlobalSection
	GlobalSection(ExtensibilityGlobals) = postSolution
		SolutionGuid = {6B94FA22-5321-4A2C-AC57-DD8AC6F7A817}
	EndGlobalSection
EndGlobal
