
Microsoft Visual Studio Solution File, Format Version 12.00
# Visual Studio Version 16
VisualStudioVersion = 16.0.29609.76
MinimumVisualStudioVersion = 10.0.40219.1
Project("{9A19103F-16F7-4668-BE54-9A1E7A4F7556}") = "UnitTestProject1", "UnitTestProject1\UnitTestProject1.csproj", "{859DC653-5F68-496E-A055-7AAEB91B5221}"
EndProject
Project("{9A19103F-16F7-4668-BE54-9A1E7A4F7556}") = "Jack.Extensions.DependencyInjection", "Jack.Extensions.DependencyInjection\Jack.Extensions.DependencyInjection.csproj", "{E065D5EA-A346-4530-9AD6-52F998F7FB6A}"
EndProject
Project("{9A19103F-16F7-4668-BE54-9A1E7A4F7556}") = "WebApplication1", "WebApplication1\WebApplication1.csproj", "{0E38D318-90B6-4012-901B-B74567FFF113}"
EndProject
Project("{9A19103F-16F7-4668-BE54-9A1E7A4F7556}") = "Jack.Extensions.DependencyInjection.AspNetCore", "Jack.Extensions.DependencyInjection.AspNetCore\Jack.Extensions.DependencyInjection.AspNetCore.csproj", "{B42FE7C5-EE4C-42A8-B56B-91D2E08EE678}"
EndProject
Project("{FAE04EC0-301F-11D3-BF4B-00C04F79EFBC}") = "WebApplication3_0", "WebApplication3_0\WebApplication3_0.csproj", "{1A731D63-3A04-41B6-8C78-6CEB28B23AEC}"
EndProject
Global
	GlobalSection(SolutionConfigurationPlatforms) = preSolution
		Debug|Any CPU = Debug|Any CPU
		Release|Any CPU = Release|Any CPU
	EndGlobalSection
	GlobalSection(ProjectConfigurationPlatforms) = postSolution
		{859DC653-5F68-496E-A055-7AAEB91B5221}.Debug|Any CPU.ActiveCfg = Debug|Any CPU
		{859DC653-5F68-496E-A055-7AAEB91B5221}.Debug|Any CPU.Build.0 = Debug|Any CPU
		{859DC653-5F68-496E-A055-7AAEB91B5221}.Release|Any CPU.ActiveCfg = Release|Any CPU
		{859DC653-5F68-496E-A055-7AAEB91B5221}.Release|Any CPU.Build.0 = Release|Any CPU
		{E065D5EA-A346-4530-9AD6-52F998F7FB6A}.Debug|Any CPU.ActiveCfg = Debug|Any CPU
		{E065D5EA-A346-4530-9AD6-52F998F7FB6A}.Debug|Any CPU.Build.0 = Debug|Any CPU
		{E065D5EA-A346-4530-9AD6-52F998F7FB6A}.Release|Any CPU.ActiveCfg = Release|Any CPU
		{E065D5EA-A346-4530-9AD6-52F998F7FB6A}.Release|Any CPU.Build.0 = Release|Any CPU
		{0E38D318-90B6-4012-901B-B74567FFF113}.Debug|Any CPU.ActiveCfg = Debug|Any CPU
		{0E38D318-90B6-4012-901B-B74567FFF113}.Debug|Any CPU.Build.0 = Debug|Any CPU
		{0E38D318-90B6-4012-901B-B74567FFF113}.Release|Any CPU.ActiveCfg = Release|Any CPU
		{0E38D318-90B6-4012-901B-B74567FFF113}.Release|Any CPU.Build.0 = Release|Any CPU
		{B42FE7C5-EE4C-42A8-B56B-91D2E08EE678}.Debug|Any CPU.ActiveCfg = Debug|Any CPU
		{B42FE7C5-EE4C-42A8-B56B-91D2E08EE678}.Debug|Any CPU.Build.0 = Debug|Any CPU
		{B42FE7C5-EE4C-42A8-B56B-91D2E08EE678}.Release|Any CPU.ActiveCfg = Release|Any CPU
		{B42FE7C5-EE4C-42A8-B56B-91D2E08EE678}.Release|Any CPU.Build.0 = Release|Any CPU
		{1A731D63-3A04-41B6-8C78-6CEB28B23AEC}.Debug|Any CPU.ActiveCfg = Debug|Any CPU
		{1A731D63-3A04-41B6-8C78-6CEB28B23AEC}.Debug|Any CPU.Build.0 = Debug|Any CPU
		{1A731D63-3A04-41B6-8C78-6CEB28B23AEC}.Release|Any CPU.ActiveCfg = Release|Any CPU
		{1A731D63-3A04-41B6-8C78-6CEB28B23AEC}.Release|Any CPU.Build.0 = Release|Any CPU
	EndGlobalSection
	GlobalSection(SolutionProperties) = preSolution
		HideSolutionNode = FALSE
	EndGlobalSection
	GlobalSection(ExtensibilityGlobals) = postSolution
		SolutionGuid = {6B94FA22-5321-4A2C-AC57-DD8AC6F7A817}
	EndGlobalSection
EndGlobal
